// !$*UTF8*$!
{
	archiveVersion = 1;
	classes = {
	};
	objectVersion = 50;
	objects = {

/* Begin PBXBuildFile section */
		842D80DA2438FC3800975AE9 /* AppDelegate.swift in Sources */ = {isa = PBXBuildFile; fileRef = 842D80D92438FC3800975AE9 /* AppDelegate.swift */; };
		842D80DC2438FC3800975AE9 /* SceneDelegate.swift in Sources */ = {isa = PBXBuildFile; fileRef = 842D80DB2438FC3800975AE9 /* SceneDelegate.swift */; };
		842D80DE2438FC3800975AE9 /* ViewController.swift in Sources */ = {isa = PBXBuildFile; fileRef = 842D80DD2438FC3800975AE9 /* ViewController.swift */; };
		842D80E12438FC3800975AE9 /* Main.storyboard in Resources */ = {isa = PBXBuildFile; fileRef = 842D80DF2438FC3800975AE9 /* Main.storyboard */; };
		842D80E32438FC3A00975AE9 /* Assets.xcassets in Resources */ = {isa = PBXBuildFile; fileRef = 842D80E22438FC3A00975AE9 /* Assets.xcassets */; };
		842D80E62438FC3A00975AE9 /* LaunchScreen.storyboard in Resources */ = {isa = PBXBuildFile; fileRef = 842D80E42438FC3A00975AE9 /* LaunchScreen.storyboard */; };
		842D80EE2438FE1800975AE9 /* ViewController1.swift in Sources */ = {isa = PBXBuildFile; fileRef = 842D80ED2438FE1800975AE9 /* ViewController1.swift */; };
		842D80F02438FE2500975AE9 /* ViewController2.swift in Sources */ = {isa = PBXBuildFile; fileRef = 842D80EF2438FE2500975AE9 /* ViewController2.swift */; };
		842D80F22438FE3900975AE9 /* ViewController3.swift in Sources */ = {isa = PBXBuildFile; fileRef = 842D80F12438FE3900975AE9 /* ViewController3.swift */; };
		842D80F42438FE5600975AE9 /* TabBarController.swift in Sources */ = {isa = PBXBuildFile; fileRef = 842D80F32438FE5600975AE9 /* TabBarController.swift */; };
/* End PBXBuildFile section */

/* Begin PBXFileReference section */
		842D80D62438FC3800975AE9 /* TabBarControllerExample.app */ = {isa = PBXFileReference; explicitFileType = wrapper.application; includeInIndex = 0; path = TabBarControllerExample.app; sourceTree = BUILT_PRODUCTS_DIR; };
		842D80D92438FC3800975AE9 /* AppDelegate.swift */ = {isa = PBXFileReference; lastKnownFileType = sourcecode.swift; path = AppDelegate.swift; sourceTree = "<group>"; };
		842D80DB2438FC3800975AE9 /* SceneDelegate.swift */ = {isa = PBXFileReference; lastKnownFileType = sourcecode.swift; path = SceneDelegate.swift; sourceTree = "<group>"; };
		842D80DD2438FC3800975AE9 /* ViewController.swift */ = {isa = PBXFileReference; lastKnownFileType = sourcecode.swift; path = ViewController.swift; sourceTree = "<group>"; };
		842D80E02438FC3800975AE9 /* Base */ = {isa = PBXFileReference; lastKnownFileType = file.storyboard; name = Base; path = Base.lproj/Main.storyboard; sourceTree = "<group>"; };
		842D80E22438FC3A00975AE9 /* Assets.xcassets */ = {isa = PBXFileReference; lastKnownFileType = folder.assetcatalog; path = Assets.xcassets; sourceTree = "<group>"; };
		842D80E52438FC3A00975AE9 /* Base */ = {isa = PBXFileReference; lastKnownFileType = file.storyboard; name = Base; path = Base.lproj/LaunchScreen.storyboard; sourceTree = "<group>"; };
		842D80E72438FC3A00975AE9 /* Info.plist */ = {isa = PBXFileReference; lastKnownFileType = text.plist.xml; path = Info.plist; sourceTree = "<group>"; };
		842D80ED2438FE1800975AE9 /* ViewController1.swift */ = {isa = PBXFileReference; lastKnownFileType = sourcecode.swift; path = ViewController1.swift; sourceTree = "<group>"; };
		842D80EF2438FE2500975AE9 /* ViewController2.swift */ = {isa = PBXFileReference; lastKnownFileType = sourcecode.swift; path = ViewController2.swift; sourceTree = "<group>"; };
		842D80F12438FE3900975AE9 /* ViewController3.swift */ = {isa = PBXFileReference; lastKnownFileType = sourcecode.swift; path = ViewController3.swift; sourceTree = "<group>"; };
		842D80F32438FE5600975AE9 /* TabBarController.swift */ = {isa = PBXFileReference; lastKnownFileType = sourcecode.swift; path = TabBarController.swift; sourceTree = "<group>"; };
/* End PBXFileReference section */

/* Begin PBXFrameworksBuildPhase section */
		842D80D32438FC3800975AE9 /* Frameworks */ = {
			isa = PBXFrameworksBuildPhase;
			buildActionMask = 2147483647;
			files = (
			);
			runOnlyForDeploymentPostprocessing = 0;
		};
/* End PBXFrameworksBuildPhase section */

/* Begin PBXGroup section */
		842D80CD2438FC3800975AE9 = {
			isa = PBXGroup;
			children = (
				842D80D82438FC3800975AE9 /* TabBarControllerExample */,
				842D80D72438FC3800975AE9 /* Products */,
			);
			sourceTree = "<group>";
		};
		842D80D72438FC3800975AE9 /* Products */ = {
			isa = PBXGroup;
			children = (
				842D80D62438FC3800975AE9 /* TabBarControllerExample.app */,
			);
			name = Products;
			sourceTree = "<group>";
		};
		842D80D82438FC3800975AE9 /* TabBarControllerExample */ = {
			isa = PBXGroup;
			children = (
				842D80D92438FC3800975AE9 /* AppDelegate.swift */,
				842D80DB2438FC3800975AE9 /* SceneDelegate.swift */,
				842D80DD2438FC3800975AE9 /* ViewController.swift */,
				842D80DF2438FC3800975AE9 /* Main.storyboard */,
				842D80E22438FC3A00975AE9 /* Assets.xcassets */,
				842D80E42438FC3A00975AE9 /* LaunchScreen.storyboard */,
				842D80E72438FC3A00975AE9 /* Info.plist */,
				842D80ED2438FE1800975AE9 /* ViewController1.swift */,
				842D80EF2438FE2500975AE9 /* ViewController2.swift */,
				842D80F12438FE3900975AE9 /* ViewController3.swift */,
				842D80F32438FE5600975AE9 /* TabBarController.swift */,
			);
			path = TabBarControllerExample;
			sourceTree = "<group>";
		};
/* End PBXGroup section */

/* Begin PBXNativeTarget section */
		842D80D52438FC3800975AE9 /* TabBarControllerExample */ = {
			isa = PBXNativeTarget;
			buildConfigurationList = 842D80EA2438FC3A00975AE9 /* Build configuration list for PBXNativeTarget "TabBarControllerExample" */;
			buildPhases = (
				842D80D22438FC3800975AE9 /* Sources */,
				842D80D32438FC3800975AE9 /* Frameworks */,
				842D80D42438FC3800975AE9 /* Resources */,
			);
			buildRules = (
			);
			dependencies = (
			);
			name = TabBarControllerExample;
			productName = TabBarControllerExample;
			productReference = 842D80D62438FC3800975AE9 /* TabBarControllerExample.app */;
			productType = "com.apple.product-type.application";
		};
/* End PBXNativeTarget section */

/* Begin PBXProject section */
		842D80CE2438FC3800975AE9 /* Project object */ = {
			isa = PBXProject;
			attributes = {
				LastSwiftUpdateCheck = 1140;
				LastUpgradeCheck = 1140;
				ORGANIZATIONNAME = admin;
				TargetAttributes = {
					842D80D52438FC3800975AE9 = {
						CreatedOnToolsVersion = 11.4;
					};
				};
			};
			buildConfigurationList = 842D80D12438FC3800975AE9 /* Build configuration list for PBXProject "TabBarControllerExample" */;
			compatibilityVersion = "Xcode 9.3";
			developmentRegion = en;
			hasScannedForEncodings = 0;
			knownRegions = (
				en,
				Base,
			);
			mainGroup = 842D80CD2438FC3800975AE9;
			productRefGroup = 842D80D72438FC3800975AE9 /* Products */;
			projectDirPath = "";
			projectRoot = "";
			targets = (
				842D80D52438FC3800975AE9 /* TabBarControllerExample */,
			);
		};
/* End PBXProject section */

/* Begin PBXResourcesBuildPhase section */
		842D80D42438FC3800975AE9 /* Resources */ = {
			isa = PBXResourcesBuildPhase;
			buildActionMask = 2147483647;
			files = (
				842D80E62438FC3A00975AE9 /* LaunchScreen.storyboard in Resources */,
				842D80E32438FC3A00975AE9 /* Assets.xcassets in Resources */,
				842D80E12438FC3800975AE9 /* Main.storyboard in Resources */,
			);
			runOnlyForDeploymentPostprocessing = 0;
		};
/* End PBXResourcesBuildPhase section */

/* Begin PBXSourcesBuildPhase section */
		842D80D22438FC3800975AE9 /* Sources */ = {
			isa = PBXSourcesBuildPhase;
			buildActionMask = 2147483647;
			files = (
				842D80F02438FE2500975AE9 /* ViewController2.swift in Sources */,
				842D80EE2438FE1800975AE9 /* ViewController1.swift in Sources */,
				842D80F22438FE3900975AE9 /* ViewController3.swift in Sources */,
				842D80DE2438FC3800975AE9 /* ViewController.swift in Sources */,
				842D80F42438FE5600975AE9 /* TabBarController.swift in Sources */,
				842D80DA2438FC3800975AE9 /* AppDelegate.swift in Sources */,
				842D80DC2438FC3800975AE9 /* SceneDelegate.swift in Sources */,
			);
			runOnlyForDeploymentPostprocessing = 0;
		};
/* End PBXSourcesBuildPhase section */

/* Begin PBXVariantGroup section */
		842D80DF2438FC3800975AE9 /* Main.storyboard */ = {
			isa = PBXVariantGroup;
			children = (
				842D80E02438FC3800975AE9 /* Base */,
			);
			name = Main.storyboard;
			sourceTree = "<group>";
		};
		842D80E42438FC3A00975AE9 /* LaunchScreen.storyboard */ = {
			isa = PBXVariantGroup;
			children = (
				842D80E52438FC3A00975AE9 /* Base */,
			);
			name = LaunchScreen.storyboard;
			sourceTree = "<group>";
		};
/* End PBXVariantGroup section */

/* Begin XCBuildConfiguration section */
		842D80E82438FC3A00975AE9 /* Debug */ = {
			isa = XCBuildConfiguration;
			buildSettings = {
				ALWAYS_SEARCH_USER_PATHS = NO;
				CLANG_ANALYZER_NONNULL = YES;
				CLANG_ANALYZER_NUMBER_OBJECT_CONVERSION = YES_AGGRESSIVE;
				CLANG_CXX_LANGUAGE_STANDARD = "gnu++14";
				CLANG_CXX_LIBRARY = "libc++";
				CLANG_ENABLE_MODULES = YES;
				CLANG_ENABLE_OBJC_ARC = YES;
				CLANG_ENABLE_OBJC_WEAK = YES;
				CLANG_WARN_BLOCK_CAPTURE_AUTORELEASING = YES;
				CLANG_WARN_BOOL_CONVERSION = YES;
				CLANG_WARN_COMMA = YES;
				CLANG_WARN_CONSTANT_CONVERSION = YES;
				CLANG_WARN_DEPRECATED_OBJC_IMPLEMENTATIONS = YES;
				CLANG_WARN_DIRECT_OBJC_ISA_USAGE = YES_ERROR;
				CLANG_WARN_DOCUMENTATION_COMMENTS = YES;
				CLANG_WARN_EMPTY_BODY = YES;
				CLANG_WARN_ENUM_CONVERSION = YES;
				CLANG_WARN_INFINITE_RECURSION = YES;
				CLANG_WARN_INT_CONVERSION = YES;
				CLANG_WARN_NON_LITERAL_NULL_CONVERSION = YES;
				CLANG_WARN_OBJC_IMPLICIT_RETAIN_SELF = YES;
				CLANG_WARN_OBJC_LITERAL_CONVERSION = YES;
				CLANG_WARN_OBJC_ROOT_CLASS = YES_ERROR;
				CLANG_WARN_RANGE_LOOP_ANALYSIS = YES;
				CLANG_WARN_STRICT_PROTOTYPES = YES;
				CLANG_WARN_SUSPICIOUS_MOVE = YES;
				CLANG_WARN_UNGUARDED_AVAILABILITY = YES_AGGRESSIVE;
				CLANG_WARN_UNREACHABLE_CODE = YES;
				CLANG_WARN__DUPLICATE_METHOD_MATCH = YES;
				COPY_PHASE_STRIP = NO;
				DEBUG_INFORMATION_FORMAT = dwarf;
				ENABLE_STRICT_OBJC_MSGSEND = YES;
				ENABLE_TESTABILITY = YES;
				GCC_C_LANGUAGE_STANDARD = gnu11;
				GCC_DYNAMIC_NO_PIC = NO;
				GCC_NO_COMMON_BLOCKS = YES;
				GCC_OPTIMIZATION_LEVEL = 0;
				GCC_PREPROCESSOR_DEFINITIONS = (
					"DEBUG=1",
					"$(inherited)",
				);
				GCC_WARN_64_TO_32_BIT_CONVERSION = YES;
				GCC_WARN_ABOUT_RETURN_TYPE = YES_ERROR;
				GCC_WARN_UNDECLARED_SELECTOR = YES;
				GCC_WARN_UNINITIALIZED_AUTOS = YES_AGGRESSIVE;
				GCC_WARN_UNUSED_FUNCTION = YES;
				GCC_WARN_UNUSED_VARIABLE = YES;
				IPHONEOS_DEPLOYMENT_TARGET = 13.4;
				MTL_ENABLE_DEBUG_INFO = INCLUDE_SOURCE;
				MTL_FAST_MATH = YES;
				ONLY_ACTIVE_ARCH = YES;
				SDKROOT = iphoneos;
				SWIFT_ACTIVE_COMPILATION_CONDITIONS = DEBUG;
				SWIFT_OPTIMIZATION_LEVEL = "-Onone";
			};
			name = Debug;
		};
		842D80E92438FC3A00975AE9 /* Release */ = {
			isa = XCBuildConfiguration;
			buildSettings = {
				ALWAYS_SEARCH_USER_PATHS = NO;
				CLANG_ANALYZER_NONNULL = YES;
				CLANG_ANALYZER_NUMBER_OBJECT_CONVERSION = YES_AGGRESSIVE;
				CLANG_CXX_LANGUAGE_STANDARD = "gnu++14";
				CLANG_CXX_LIBRARY = "libc++";
				CLANG_ENABLE_MODULES = YES;
				CLANG_ENABLE_OBJC_ARC = YES;
				CLANG_ENABLE_OBJC_WEAK = YES;
				CLANG_WARN_BLOCK_CAPTURE_AUTORELEASING = YES;
				CLANG_WARN_BOOL_CONVERSION = YES;
				CLANG_WARN_COMMA = YES;
				CLANG_WARN_CONSTANT_CONVERSION = YES;
				CLANG_WARN_DEPRECATED_OBJC_IMPLEMENTATIONS = YES;
				CLANG_WARN_DIRECT_OBJC_ISA_USAGE = YES_ERROR;
				CLANG_WARN_DOCUMENTATION_COMMENTS = YES;
				CLANG_WARN_EMPTY_BODY = YES;
				CLANG_WARN_ENUM_CONVERSION = YES;
				CLANG_WARN_INFINITE_RECURSION = YES;
				CLANG_WARN_INT_CONVERSION = YES;
				CLANG_WARN_NON_LITERAL_NULL_CONVERSION = YES;
				CLANG_WARN_OBJC_IMPLICIT_RETAIN_SELF = YES;
				CLANG_WARN_OBJC_LITERAL_CONVERSION = YES;
				CLANG_WARN_OBJC_ROOT_CLASS = YES_ERROR;
				CLANG_WARN_RANGE_LOOP_ANALYSIS = YES;
				CLANG_WARN_STRICT_PROTOTYPES = YES;
				CLANG_WARN_SUSPICIOUS_MOVE = YES;
				CLANG_WARN_UNGUARDED_AVAILABILITY = YES_AGGRESSIVE;
				CLANG_WARN_UNREACHABLE_CODE = YES;
				CLANG_WARN__DUPLICATE_METHOD_MATCH = YES;
				COPY_PHASE_STRIP = NO;
				DEBUG_INFORMATION_FORMAT = "dwarf-with-dsym";
				ENABLE_NS_ASSERTIONS = NO;
				ENABLE_STRICT_OBJC_MSGSEND = YES;
				GCC_C_LANGUAGE_STANDARD = gnu11;
				GCC_NO_COMMON_BLOCKS = YES;
				GCC_WARN_64_TO_32_BIT_CONVERSION = YES;
				GCC_WARN_ABOUT_RETURN_TYPE = YES_ERROR;
				GCC_WARN_UNDECLARED_SELECTOR = YES;
				GCC_WARN_UNINITIALIZED_AUTOS = YES_AGGRESSIVE;
				GCC_WARN_UNUSED_FUNCTION = YES;
				GCC_WARN_UNUSED_VARIABLE = YES;
				IPHONEOS_DEPLOYMENT_TARGET = 13.4;
				MTL_ENABLE_DEBUG_INFO = NO;
				MTL_FAST_MATH = YES;
				SDKROOT = iphoneos;
				SWIFT_COMPILATION_MODE = wholemodule;
				SWIFT_OPTIMIZATION_LEVEL = "-O";
				VALIDATE_PRODUCT = YES;
			};
			name = Release;
		};
		842D80EB2438FC3A00975AE9 /* Debug */ = {
			isa = XCBuildConfiguration;
			buildSettings = {
				ASSETCATALOG_COMPILER_APPICON_NAME = AppIcon;
				CODE_SIGN_STYLE = Automatic;
				INFOPLIST_FILE = TabBarControllerExample/Info.plist;
				LD_RUNPATH_SEARCH_PATHS = (
					"$(inherited)",
					"@executable_path/Frameworks",
				);
				PRODUCT_BUNDLE_IDENTIFIER = andresm07.TabBarControllerExample;
				PRODUCT_NAME = "$(TARGET_NAME)";
				SWIFT_VERSION = 5.0;
				TARGETED_DEVICE_FAMILY = "1,2";
			};
			name = Debug;
		};
		842D80EC2438FC3A00975AE9 /* Release */ = {
			isa = XCBuildConfiguration;
			buildSettings = {
				ASSETCATALOG_COMPILER_APPICON_NAME = AppIcon;
				CODE_SIGN_STYLE = Automatic;
				INFOPLIST_FILE = TabBarControllerExample/Info.plist;
				LD_RUNPATH_SEARCH_PATHS = (
					"$(inherited)",
					"@executable_path/Frameworks",
				);
				PRODUCT_BUNDLE_IDENTIFIER = andresm07.TabBarControllerExample;
				PRODUCT_NAME = "$(TARGET_NAME)";
				SWIFT_VERSION = 5.0;
				TARGETED_DEVICE_FAMILY = "1,2";
			};
			name = Release;
		};
/* End XCBuildConfiguration section */

/* Begin XCConfigurationList section */
		842D80D12438FC3800975AE9 /* Build configuration list for PBXProject "TabBarControllerExample" */ = {
			isa = XCConfigurationList;
			buildConfigurations = (
				842D80E82438FC3A00975AE9 /* Debug */,
				842D80E92438FC3A00975AE9 /* Release */,
			);
			defaultConfigurationIsVisible = 0;
			defaultConfigurationName = Release;
		};
		842D80EA2438FC3A00975AE9 /* Build configuration list for PBXNativeTarget "TabBarControllerExample" */ = {
			isa = XCConfigurationList;
			buildConfigurations = (
				842D80EB2438FC3A00975AE9 /* Debug */,
				842D80EC2438FC3A00975AE9 /* Release */,
			);
			defaultConfigurationIsVisible = 0;
			defaultConfigurationName = Release;
		};
/* End XCConfigurationList section */
	};
	rootObject = 842D80CE2438FC3800975AE9 /* Project object */;
}
