// !$*UTF8*$!
{
	archiveVersion = 1;
	classes = {
	};
	objectVersion = 50;
	objects = {

/* Begin PBXBuildFile section */
		842F61FC2425864D005F89FF /* AppDelegate.swift in Sources */ = {isa = PBXBuildFile; fileRef = 842F61FB2425864D005F89FF /* AppDelegate.swift */; };
		842F61FE2425864D005F89FF /* SceneDelegate.swift in Sources */ = {isa = PBXBuildFile; fileRef = 842F61FD2425864D005F89FF /* SceneDelegate.swift */; };
		842F62032425864D005F89FF /* Main.storyboard in Resources */ = {isa = PBXBuildFile; fileRef = 842F62012425864D005F89FF /* Main.storyboard */; };
		842F620524258655005F89FF /* Assets.xcassets in Resources */ = {isa = PBXBuildFile; fileRef = 842F620424258655005F89FF /* Assets.xcassets */; };
		842F620824258655005F89FF /* LaunchScreen.storyboard in Resources */ = {isa = PBXBuildFile; fileRef = 842F620624258655005F89FF /* LaunchScreen.storyboard */; };
		842F621024258AC0005F89FF /* CategoriesViewController.swift in Sources */ = {isa = PBXBuildFile; fileRef = 842F620F24258AC0005F89FF /* CategoriesViewController.swift */; };
		842F621224258ACD005F89FF /* NewsViewController.swift in Sources */ = {isa = PBXBuildFile; fileRef = 842F621124258ACD005F89FF /* NewsViewController.swift */; };
		842F6218242599A3005F89FF /* CategoryTableViewCell.swift in Sources */ = {isa = PBXBuildFile; fileRef = 842F6216242599A3005F89FF /* CategoryTableViewCell.swift */; };
		842F6219242599A3005F89FF /* CategoryTableViewCell.xib in Resources */ = {isa = PBXBuildFile; fileRef = 842F6217242599A3005F89FF /* CategoryTableViewCell.xib */; };
		842F621C24259C53005F89FF /* Category.swift in Sources */ = {isa = PBXBuildFile; fileRef = 842F621B24259C53005F89FF /* Category.swift */; };
		842F621E24259C61005F89FF /* News.swift in Sources */ = {isa = PBXBuildFile; fileRef = 842F621D24259C61005F89FF /* News.swift */; };
		842F62242425AC74005F89FF /* NewsTableViewCell.swift in Sources */ = {isa = PBXBuildFile; fileRef = 842F62222425AC74005F89FF /* NewsTableViewCell.swift */; };
		842F62252425AC74005F89FF /* NewsTableViewCell.xib in Resources */ = {isa = PBXBuildFile; fileRef = 842F62232425AC74005F89FF /* NewsTableViewCell.xib */; };
/* End PBXBuildFile section */

/* Begin PBXFileReference section */
		842F61F82425864D005F89FF /* Clase4.app */ = {isa = PBXFileReference; explicitFileType = wrapper.application; includeInIndex = 0; path = Clase4.app; sourceTree = BUILT_PRODUCTS_DIR; };
		842F61FB2425864D005F89FF /* AppDelegate.swift */ = {isa = PBXFileReference; lastKnownFileType = sourcecode.swift; path = AppDelegate.swift; sourceTree = "<group>"; };
		842F61FD2425864D005F89FF /* SceneDelegate.swift */ = {isa = PBXFileReference; lastKnownFileType = sourcecode.swift; path = SceneDelegate.swift; sourceTree = "<group>"; };
		842F62022425864D005F89FF /* Base */ = {isa = PBXFileReference; lastKnownFileType = file.storyboard; name = Base; path = Base.lproj/Main.storyboard; sourceTree = "<group>"; };
		842F620424258655005F89FF /* Assets.xcassets */ = {isa = PBXFileReference; lastKnownFileType = folder.assetcatalog; path = Assets.xcassets; sourceTree = "<group>"; };
		842F620724258655005F89FF /* Base */ = {isa = PBXFileReference; lastKnownFileType = file.storyboard; name = Base; path = Base.lproj/LaunchScreen.storyboard; sourceTree = "<group>"; };
		842F620924258655005F89FF /* Info.plist */ = {isa = PBXFileReference; lastKnownFileType = text.plist.xml; path = Info.plist; sourceTree = "<group>"; };
		842F620F24258AC0005F89FF /* CategoriesViewController.swift */ = {isa = PBXFileReference; lastKnownFileType = sourcecode.swift; path = CategoriesViewController.swift; sourceTree = "<group>"; };
		842F621124258ACD005F89FF /* NewsViewController.swift */ = {isa = PBXFileReference; lastKnownFileType = sourcecode.swift; path = NewsViewController.swift; sourceTree = "<group>"; };
		842F6216242599A3005F89FF /* CategoryTableViewCell.swift */ = {isa = PBXFileReference; lastKnownFileType = sourcecode.swift; path = CategoryTableViewCell.swift; sourceTree = "<group>"; };
		842F6217242599A3005F89FF /* CategoryTableViewCell.xib */ = {isa = PBXFileReference; lastKnownFileType = file.xib; path = CategoryTableViewCell.xib; sourceTree = "<group>"; };
		842F621B24259C53005F89FF /* Category.swift */ = {isa = PBXFileReference; lastKnownFileType = sourcecode.swift; path = Category.swift; sourceTree = "<group>"; };
		842F621D24259C61005F89FF /* News.swift */ = {isa = PBXFileReference; lastKnownFileType = sourcecode.swift; path = News.swift; sourceTree = "<group>"; };
		842F62222425AC74005F89FF /* NewsTableViewCell.swift */ = {isa = PBXFileReference; lastKnownFileType = sourcecode.swift; path = NewsTableViewCell.swift; sourceTree = "<group>"; };
		842F62232425AC74005F89FF /* NewsTableViewCell.xib */ = {isa = PBXFileReference; lastKnownFileType = file.xib; path = NewsTableViewCell.xib; sourceTree = "<group>"; };
/* End PBXFileReference section */

/* Begin PBXFrameworksBuildPhase section */
		842F61F52425864D005F89FF /* Frameworks */ = {
			isa = PBXFrameworksBuildPhase;
			buildActionMask = 2147483647;
			files = (
			);
			runOnlyForDeploymentPostprocessing = 0;
		};
/* End PBXFrameworksBuildPhase section */

/* Begin PBXGroup section */
		842F61EF2425864D005F89FF = {
			isa = PBXGroup;
			children = (
				842F61FA2425864D005F89FF /* Clase4 */,
				842F61F92425864D005F89FF /* Products */,
			);
			sourceTree = "<group>";
		};
		842F61F92425864D005F89FF /* Products */ = {
			isa = PBXGroup;
			children = (
				842F61F82425864D005F89FF /* Clase4.app */,
			);
			name = Products;
			sourceTree = "<group>";
		};
		842F61FA2425864D005F89FF /* Clase4 */ = {
			isa = PBXGroup;
			children = (
				842F621A24259C2A005F89FF /* Models */,
				842F62142425995A005F89FF /* Custom Cells */,
				842F621324258B57005F89FF /* Controllers */,
				842F61FB2425864D005F89FF /* AppDelegate.swift */,
				842F61FD2425864D005F89FF /* SceneDelegate.swift */,
				842F62012425864D005F89FF /* Main.storyboard */,
				842F620424258655005F89FF /* Assets.xcassets */,
				842F620624258655005F89FF /* LaunchScreen.storyboard */,
				842F620924258655005F89FF /* Info.plist */,
			);
			path = Clase4;
			sourceTree = "<group>";
		};
		842F621324258B57005F89FF /* Controllers */ = {
			isa = PBXGroup;
			children = (
				842F621124258ACD005F89FF /* NewsViewController.swift */,
				842F620F24258AC0005F89FF /* CategoriesViewController.swift */,
			);
			path = Controllers;
			sourceTree = "<group>";
		};
		842F62142425995A005F89FF /* Custom Cells */ = {
			isa = PBXGroup;
			children = (
				842F621F2425AC3D005F89FF /* News */,
				842F62152425998B005F89FF /* Category */,
			);
			path = "Custom Cells";
			sourceTree = "<group>";
		};
		842F62152425998B005F89FF /* Category */ = {
			isa = PBXGroup;
			children = (
				842F6216242599A3005F89FF /* CategoryTableViewCell.swift */,
				842F6217242599A3005F89FF /* CategoryTableViewCell.xib */,
			);
			path = Category;
			sourceTree = "<group>";
		};
		842F621A24259C2A005F89FF /* Models */ = {
			isa = PBXGroup;
			children = (
				842F621B24259C53005F89FF /* Category.swift */,
				842F621D24259C61005F89FF /* News.swift */,
			);
			path = Models;
			sourceTree = "<group>";
		};
		842F621F2425AC3D005F89FF /* News */ = {
			isa = PBXGroup;
			children = (
				842F62222425AC74005F89FF /* NewsTableViewCell.swift */,
				842F62232425AC74005F89FF /* NewsTableViewCell.xib */,
			);
			path = News;
			sourceTree = "<group>";
		};
/* End PBXGroup section */

/* Begin PBXNativeTarget section */
		842F61F72425864D005F89FF /* Clase4 */ = {
			isa = PBXNativeTarget;
			buildConfigurationList = 842F620C24258655005F89FF /* Build configuration list for PBXNativeTarget "Clase4" */;
			buildPhases = (
				842F61F42425864D005F89FF /* Sources */,
				842F61F52425864D005F89FF /* Frameworks */,
				842F61F62425864D005F89FF /* Resources */,
			);
			buildRules = (
			);
			dependencies = (
			);
			name = Clase4;
			productName = Clase4;
			productReference = 842F61F82425864D005F89FF /* Clase4.app */;
			productType = "com.apple.product-type.application";
		};
/* End PBXNativeTarget section */

/* Begin PBXProject section */
		842F61F02425864D005F89FF /* Project object */ = {
			isa = PBXProject;
			attributes = {
				LastSwiftUpdateCheck = 1130;
				LastUpgradeCheck = 1130;
				ORGANIZATIONNAME = admin;
				TargetAttributes = {
					842F61F72425864D005F89FF = {
						CreatedOnToolsVersion = 11.3.1;
					};
				};
			};
			buildConfigurationList = 842F61F32425864D005F89FF /* Build configuration list for PBXProject "Clase4" */;
			compatibilityVersion = "Xcode 9.3";
			developmentRegion = en;
			hasScannedForEncodings = 0;
			knownRegions = (
				en,
				Base,
			);
			mainGroup = 842F61EF2425864D005F89FF;
			productRefGroup = 842F61F92425864D005F89FF /* Products */;
			projectDirPath = "";
			projectRoot = "";
			targets = (
				842F61F72425864D005F89FF /* Clase4 */,
			);
		};
/* End PBXProject section */

/* Begin PBXResourcesBuildPhase section */
		842F61F62425864D005F89FF /* Resources */ = {
			isa = PBXResourcesBuildPhase;
			buildActionMask = 2147483647;
			files = (
				842F620824258655005F89FF /* LaunchScreen.storyboard in Resources */,
				842F620524258655005F89FF /* Assets.xcassets in Resources */,
				842F62032425864D005F89FF /* Main.storyboard in Resources */,
				842F6219242599A3005F89FF /* CategoryTableViewCell.xib in Resources */,
				842F62252425AC74005F89FF /* NewsTableViewCell.xib in Resources */,
			);
			runOnlyForDeploymentPostprocessing = 0;
		};
/* End PBXResourcesBuildPhase section */

/* Begin PBXSourcesBuildPhase section */
		842F61F42425864D005F89FF /* Sources */ = {
			isa = PBXSourcesBuildPhase;
			buildActionMask = 2147483647;
			files = (
				842F6218242599A3005F89FF /* CategoryTableViewCell.swift in Sources */,
				842F61FC2425864D005F89FF /* AppDelegate.swift in Sources */,
				842F62242425AC74005F89FF /* NewsTableViewCell.swift in Sources */,
				842F61FE2425864D005F89FF /* SceneDelegate.swift in Sources */,
				842F621024258AC0005F89FF /* CategoriesViewController.swift in Sources */,
				842F621E24259C61005F89FF /* News.swift in Sources */,
				842F621224258ACD005F89FF /* NewsViewController.swift in Sources */,
				842F621C24259C53005F89FF /* Category.swift in Sources */,
			);
			runOnlyForDeploymentPostprocessing = 0;
		};
/* End PBXSourcesBuildPhase section */

/* Begin PBXVariantGroup section */
		842F62012425864D005F89FF /* Main.storyboard */ = {
			isa = PBXVariantGroup;
			children = (
				842F62022425864D005F89FF /* Base */,
			);
			name = Main.storyboard;
			sourceTree = "<group>";
		};
		842F620624258655005F89FF /* LaunchScreen.storyboard */ = {
			isa = PBXVariantGroup;
			children = (
				842F620724258655005F89FF /* Base */,
			);
			name = LaunchScreen.storyboard;
			sourceTree = "<group>";
		};
/* End PBXVariantGroup section */

/* Begin XCBuildConfiguration section */
		842F620A24258655005F89FF /* Debug */ = {
			isa = XCBuildConfiguration;
			buildSettings = {
				ALWAYS_SEARCH_USER_PATHS = NO;
				CLANG_ANALYZER_NONNULL = YES;
				CLANG_ANALYZER_NUMBER_OBJECT_CONVERSION = YES_AGGRESSIVE;
				CLANG_CXX_LANGUAGE_STANDARD = "gnu++14";
				CLANG_CXX_LIBRARY = "libc++";
				CLANG_ENABLE_MODULES = YES;
				CLANG_ENABLE_OBJC_ARC = YES;
				CLANG_ENABLE_OBJC_WEAK = YES;
				CLANG_WARN_BLOCK_CAPTURE_AUTORELEASING = YES;
				CLANG_WARN_BOOL_CONVERSION = YES;
				CLANG_WARN_COMMA = YES;
				CLANG_WARN_CONSTANT_CONVERSION = YES;
				CLANG_WARN_DEPRECATED_OBJC_IMPLEMENTATIONS = YES;
				CLANG_WARN_DIRECT_OBJC_ISA_USAGE = YES_ERROR;
				CLANG_WARN_DOCUMENTATION_COMMENTS = YES;
				CLANG_WARN_EMPTY_BODY = YES;
				CLANG_WARN_ENUM_CONVERSION = YES;
				CLANG_WARN_INFINITE_RECURSION = YES;
				CLANG_WARN_INT_CONVERSION = YES;
				CLANG_WARN_NON_LITERAL_NULL_CONVERSION = YES;
				CLANG_WARN_OBJC_IMPLICIT_RETAIN_SELF = YES;
				CLANG_WARN_OBJC_LITERAL_CONVERSION = YES;
				CLANG_WARN_OBJC_ROOT_CLASS = YES_ERROR;
				CLANG_WARN_RANGE_LOOP_ANALYSIS = YES;
				CLANG_WARN_STRICT_PROTOTYPES = YES;
				CLANG_WARN_SUSPICIOUS_MOVE = YES;
				CLANG_WARN_UNGUARDED_AVAILABILITY = YES_AGGRESSIVE;
				CLANG_WARN_UNREACHABLE_CODE = YES;
				CLANG_WARN__DUPLICATE_METHOD_MATCH = YES;
				COPY_PHASE_STRIP = NO;
				DEBUG_INFORMATION_FORMAT = dwarf;
				ENABLE_STRICT_OBJC_MSGSEND = YES;
				ENABLE_TESTABILITY = YES;
				GCC_C_LANGUAGE_STANDARD = gnu11;
				GCC_DYNAMIC_NO_PIC = NO;
				GCC_NO_COMMON_BLOCKS = YES;
				GCC_OPTIMIZATION_LEVEL = 0;
				GCC_PREPROCESSOR_DEFINITIONS = (
					"DEBUG=1",
					"$(inherited)",
				);
				GCC_WARN_64_TO_32_BIT_CONVERSION = YES;
				GCC_WARN_ABOUT_RETURN_TYPE = YES_ERROR;
				GCC_WARN_UNDECLARED_SELECTOR = YES;
				GCC_WARN_UNINITIALIZED_AUTOS = YES_AGGRESSIVE;
				GCC_WARN_UNUSED_FUNCTION = YES;
				GCC_WARN_UNUSED_VARIABLE = YES;
				IPHONEOS_DEPLOYMENT_TARGET = 13.2;
				MTL_ENABLE_DEBUG_INFO = INCLUDE_SOURCE;
				MTL_FAST_MATH = YES;
				ONLY_ACTIVE_ARCH = YES;
				SDKROOT = iphoneos;
				SWIFT_ACTIVE_COMPILATION_CONDITIONS = DEBUG;
				SWIFT_OPTIMIZATION_LEVEL = "-Onone";
			};
			name = Debug;
		};
		842F620B24258655005F89FF /* Release */ = {
			isa = XCBuildConfiguration;
			buildSettings = {
				ALWAYS_SEARCH_USER_PATHS = NO;
				CLANG_ANALYZER_NONNULL = YES;
				CLANG_ANALYZER_NUMBER_OBJECT_CONVERSION = YES_AGGRESSIVE;
				CLANG_CXX_LANGUAGE_STANDARD = "gnu++14";
				CLANG_CXX_LIBRARY = "libc++";
				CLANG_ENABLE_MODULES = YES;
				CLANG_ENABLE_OBJC_ARC = YES;
				CLANG_ENABLE_OBJC_WEAK = YES;
				CLANG_WARN_BLOCK_CAPTURE_AUTORELEASING = YES;
				CLANG_WARN_BOOL_CONVERSION = YES;
				CLANG_WARN_COMMA = YES;
				CLANG_WARN_CONSTANT_CONVERSION = YES;
				CLANG_WARN_DEPRECATED_OBJC_IMPLEMENTATIONS = YES;
				CLANG_WARN_DIRECT_OBJC_ISA_USAGE = YES_ERROR;
				CLANG_WARN_DOCUMENTATION_COMMENTS = YES;
				CLANG_WARN_EMPTY_BODY = YES;
				CLANG_WARN_ENUM_CONVERSION = YES;
				CLANG_WARN_INFINITE_RECURSION = YES;
				CLANG_WARN_INT_CONVERSION = YES;
				CLANG_WARN_NON_LITERAL_NULL_CONVERSION = YES;
				CLANG_WARN_OBJC_IMPLICIT_RETAIN_SELF = YES;
				CLANG_WARN_OBJC_LITERAL_CONVERSION = YES;
				CLANG_WARN_OBJC_ROOT_CLASS = YES_ERROR;
				CLANG_WARN_RANGE_LOOP_ANALYSIS = YES;
				CLANG_WARN_STRICT_PROTOTYPES = YES;
				CLANG_WARN_SUSPICIOUS_MOVE = YES;
				CLANG_WARN_UNGUARDED_AVAILABILITY = YES_AGGRESSIVE;
				CLANG_WARN_UNREACHABLE_CODE = YES;
				CLANG_WARN__DUPLICATE_METHOD_MATCH = YES;
				COPY_PHASE_STRIP = NO;
				DEBUG_INFORMATION_FORMAT = "dwarf-with-dsym";
				ENABLE_NS_ASSERTIONS = NO;
				ENABLE_STRICT_OBJC_MSGSEND = YES;
				GCC_C_LANGUAGE_STANDARD = gnu11;
				GCC_NO_COMMON_BLOCKS = YES;
				GCC_WARN_64_TO_32_BIT_CONVERSION = YES;
				GCC_WARN_ABOUT_RETURN_TYPE = YES_ERROR;
				GCC_WARN_UNDECLARED_SELECTOR = YES;
				GCC_WARN_UNINITIALIZED_AUTOS = YES_AGGRESSIVE;
				GCC_WARN_UNUSED_FUNCTION = YES;
				GCC_WARN_UNUSED_VARIABLE = YES;
				IPHONEOS_DEPLOYMENT_TARGET = 13.2;
				MTL_ENABLE_DEBUG_INFO = NO;
				MTL_FAST_MATH = YES;
				SDKROOT = iphoneos;
				SWIFT_COMPILATION_MODE = wholemodule;
				SWIFT_OPTIMIZATION_LEVEL = "-O";
				VALIDATE_PRODUCT = YES;
			};
			name = Release;
		};
		842F620D24258655005F89FF /* Debug */ = {
			isa = XCBuildConfiguration;
			buildSettings = {
				ASSETCATALOG_COMPILER_APPICON_NAME = AppIcon;
				CODE_SIGN_STYLE = Automatic;
				INFOPLIST_FILE = Clase4/Info.plist;
				LD_RUNPATH_SEARCH_PATHS = (
					"$(inherited)",
					"@executable_path/Frameworks",
				);
				PRODUCT_BUNDLE_IDENTIFIER = andresm07.Clase4;
				PRODUCT_NAME = "$(TARGET_NAME)";
				SWIFT_VERSION = 5.0;
				TARGETED_DEVICE_FAMILY = 1;
			};
			name = Debug;
		};
		842F620E24258655005F89FF /* Release */ = {
			isa = XCBuildConfiguration;
			buildSettings = {
				ASSETCATALOG_COMPILER_APPICON_NAME = AppIcon;
				CODE_SIGN_STYLE = Automatic;
				INFOPLIST_FILE = Clase4/Info.plist;
				LD_RUNPATH_SEARCH_PATHS = (
					"$(inherited)",
					"@executable_path/Frameworks",
				);
				PRODUCT_BUNDLE_IDENTIFIER = andresm07.Clase4;
				PRODUCT_NAME = "$(TARGET_NAME)";
				SWIFT_VERSION = 5.0;
				TARGETED_DEVICE_FAMILY = 1;
			};
			name = Release;
		};
/* End XCBuildConfiguration section */

/* Begin XCConfigurationList section */
		842F61F32425864D005F89FF /* Build configuration list for PBXProject "Clase4" */ = {
			isa = XCConfigurationList;
			buildConfigurations = (
				842F620A24258655005F89FF /* Debug */,
				842F620B24258655005F89FF /* Release */,
			);
			defaultConfigurationIsVisible = 0;
			defaultConfigurationName = Release;
		};
		842F620C24258655005F89FF /* Build configuration list for PBXNativeTarget "Clase4" */ = {
			isa = XCConfigurationList;
			buildConfigurations = (
				842F620D24258655005F89FF /* Debug */,
				842F620E24258655005F89FF /* Release */,
			);
			defaultConfigurationIsVisible = 0;
			defaultConfigurationName = Release;
		};
/* End XCConfigurationList section */
	};
	rootObject = 842F61F02425864D005F89FF /* Project object */;
}
