// !$*UTF8*$!
{
	archiveVersion = 1;
	classes = {
	};
	objectVersion = 51;
	objects = {

/* Begin PBXBuildFile section */
		36EEFFE9A7541CEF867703C7 /* Pods_ProyectoFinal.framework in Frameworks */ = {isa = PBXBuildFile; fileRef = 6819548226440991076D679C /* Pods_ProyectoFinal.framework */; };
		8436E1D42448077000F1CE83 /* ConfigurationViewController.swift in Sources */ = {isa = PBXBuildFile; fileRef = 8436E1D32448077000F1CE83 /* ConfigurationViewController.swift */; };
		8436E1D6244807A000F1CE83 /* LoginViewController.swift in Sources */ = {isa = PBXBuildFile; fileRef = 8436E1D5244807A000F1CE83 /* LoginViewController.swift */; };
		8436E1DC244808FD00F1CE83 /* AddBudgetTableViewController.swift in Sources */ = {isa = PBXBuildFile; fileRef = 8436E1DB244808FD00F1CE83 /* AddBudgetTableViewController.swift */; };
		8436E1E0244809FC00F1CE83 /* AddMoneyTableViewController.swift in Sources */ = {isa = PBXBuildFile; fileRef = 8436E1DF244809FC00F1CE83 /* AddMoneyTableViewController.swift */; };
		8436E1E224480A1300F1CE83 /* AddExpensesTableViewController.swift in Sources */ = {isa = PBXBuildFile; fileRef = 8436E1E124480A1300F1CE83 /* AddExpensesTableViewController.swift */; };
		8436E1E624480AA000F1CE83 /* BudgetTableViewCell.swift in Sources */ = {isa = PBXBuildFile; fileRef = 8436E1E424480AA000F1CE83 /* BudgetTableViewCell.swift */; };
		8436E1E724480AA000F1CE83 /* BudgetTableViewCell.xib in Resources */ = {isa = PBXBuildFile; fileRef = 8436E1E524480AA000F1CE83 /* BudgetTableViewCell.xib */; };
		8436E1EA24480AC200F1CE83 /* BudgetTableViewHeader.swift in Sources */ = {isa = PBXBuildFile; fileRef = 8436E1E924480AC200F1CE83 /* BudgetTableViewHeader.swift */; };
		8436E1EE24480AF600F1CE83 /* Date+Formatter.swift in Sources */ = {isa = PBXBuildFile; fileRef = 8436E1ED24480AF600F1CE83 /* Date+Formatter.swift */; };
		8436E1F224480B5700F1CE83 /* TransactionTableViewCell.swift in Sources */ = {isa = PBXBuildFile; fileRef = 8436E1F024480B5700F1CE83 /* TransactionTableViewCell.swift */; };
		8436E1F324480B5700F1CE83 /* TransactionTableViewCell.xib in Resources */ = {isa = PBXBuildFile; fileRef = 8436E1F124480B5700F1CE83 /* TransactionTableViewCell.xib */; };
		8436E1F524480CDE00F1CE83 /* VisualizeBudgetTableViewController.swift in Sources */ = {isa = PBXBuildFile; fileRef = 8436E1F424480CDE00F1CE83 /* VisualizeBudgetTableViewController.swift */; };
		8436E1F724480D8100F1CE83 /* Budget.swift in Sources */ = {isa = PBXBuildFile; fileRef = 8436E1F624480D8100F1CE83 /* Budget.swift */; };
		8436E1F924480E6500F1CE83 /* Transaction.swift in Sources */ = {isa = PBXBuildFile; fileRef = 8436E1F824480E6500F1CE83 /* Transaction.swift */; };
		8436E1FB24480E9800F1CE83 /* User.swift in Sources */ = {isa = PBXBuildFile; fileRef = 8436E1FA24480E9800F1CE83 /* User.swift */; };
		8436E1FD24480F8200F1CE83 /* TabBarViewController.swift in Sources */ = {isa = PBXBuildFile; fileRef = 8436E1FC24480F8200F1CE83 /* TabBarViewController.swift */; };
		8436E1FF24481A3700F1CE83 /* BudgetListViewController.swift in Sources */ = {isa = PBXBuildFile; fileRef = 8436E1FE24481A3700F1CE83 /* BudgetListViewController.swift */; };
		8436E20124481A4700F1CE83 /* HistoryListViewController.swift in Sources */ = {isa = PBXBuildFile; fileRef = 8436E20024481A4700F1CE83 /* HistoryListViewController.swift */; };
		8436E2042448227500F1CE83 /* R.generated.swift in Sources */ = {isa = PBXBuildFile; fileRef = 8436E2032448227500F1CE83 /* R.generated.swift */; };
		8436E207244822F600F1CE83 /* RealmManager.swift in Sources */ = {isa = PBXBuildFile; fileRef = 8436E206244822F600F1CE83 /* RealmManager.swift */; };
		84784C532447A39B0032D5E2 /* AppDelegate.swift in Sources */ = {isa = PBXBuildFile; fileRef = 84784C522447A39B0032D5E2 /* AppDelegate.swift */; };
		84784C552447A39B0032D5E2 /* SceneDelegate.swift in Sources */ = {isa = PBXBuildFile; fileRef = 84784C542447A39B0032D5E2 /* SceneDelegate.swift */; };
		84784C5A2447A39B0032D5E2 /* Main.storyboard in Resources */ = {isa = PBXBuildFile; fileRef = 84784C582447A39B0032D5E2 /* Main.storyboard */; };
		84784C5C2447A39D0032D5E2 /* Assets.xcassets in Resources */ = {isa = PBXBuildFile; fileRef = 84784C5B2447A39D0032D5E2 /* Assets.xcassets */; };
		84784C5F2447A39D0032D5E2 /* LaunchScreen.storyboard in Resources */ = {isa = PBXBuildFile; fileRef = 84784C5D2447A39D0032D5E2 /* LaunchScreen.storyboard */; };
		848FE83D2449110A00522AF3 /* Date+ToString.swift in Sources */ = {isa = PBXBuildFile; fileRef = 848FE83C2449110A00522AF3 /* Date+ToString.swift */; };
		848FE83F2449112E00522AF3 /* String+FloatValue.swift in Sources */ = {isa = PBXBuildFile; fileRef = 848FE83E2449112E00522AF3 /* String+FloatValue.swift */; };
		848FE8412449195000522AF3 /* BudgetTableViewHeader.xib in Resources */ = {isa = PBXBuildFile; fileRef = 848FE8402449195000522AF3 /* BudgetTableViewHeader.xib */; };
		84A5AAAC244D2B2F004355D5 /* BudgetTimeManager.swift in Sources */ = {isa = PBXBuildFile; fileRef = 84A5AAAB244D2B2F004355D5 /* BudgetTimeManager.swift */; };
		84A5AAAE244D3AB6004355D5 /* RegistrationViewController.swift in Sources */ = {isa = PBXBuildFile; fileRef = 84A5AAAD244D3AB6004355D5 /* RegistrationViewController.swift */; };
		84A5AAB0244E8D4A004355D5 /* Build+VersionFormatter.swift in Sources */ = {isa = PBXBuildFile; fileRef = 84A5AAAF244E8D4A004355D5 /* Build+VersionFormatter.swift */; };
		84A5AAB52453A525004355D5 /* Results+ToArray.swift in Sources */ = {isa = PBXBuildFile; fileRef = 84A5AAB42453A525004355D5 /* Results+ToArray.swift */; };
		84A5AAB72453BD46004355D5 /* BudgetRolloverManager.swift in Sources */ = {isa = PBXBuildFile; fileRef = 84A5AAB62453BD46004355D5 /* BudgetRolloverManager.swift */; };
/* End PBXBuildFile section */

/* Begin PBXFileReference section */
		62605AE9F4CD2943349F725D /* Pods-ProyectoFinal.debug.xcconfig */ = {isa = PBXFileReference; includeInIndex = 1; lastKnownFileType = text.xcconfig; name = "Pods-ProyectoFinal.debug.xcconfig"; path = "Target Support Files/Pods-ProyectoFinal/Pods-ProyectoFinal.debug.xcconfig"; sourceTree = "<group>"; };
		6819548226440991076D679C /* Pods_ProyectoFinal.framework */ = {isa = PBXFileReference; explicitFileType = wrapper.framework; includeInIndex = 0; path = Pods_ProyectoFinal.framework; sourceTree = BUILT_PRODUCTS_DIR; };
		8436E1D32448077000F1CE83 /* ConfigurationViewController.swift */ = {isa = PBXFileReference; lastKnownFileType = sourcecode.swift; path = ConfigurationViewController.swift; sourceTree = "<group>"; };
		8436E1D5244807A000F1CE83 /* LoginViewController.swift */ = {isa = PBXFileReference; lastKnownFileType = sourcecode.swift; path = LoginViewController.swift; sourceTree = "<group>"; };
		8436E1DB244808FD00F1CE83 /* AddBudgetTableViewController.swift */ = {isa = PBXFileReference; lastKnownFileType = sourcecode.swift; path = AddBudgetTableViewController.swift; sourceTree = "<group>"; };
		8436E1DF244809FC00F1CE83 /* AddMoneyTableViewController.swift */ = {isa = PBXFileReference; lastKnownFileType = sourcecode.swift; path = AddMoneyTableViewController.swift; sourceTree = "<group>"; };
		8436E1E124480A1300F1CE83 /* AddExpensesTableViewController.swift */ = {isa = PBXFileReference; lastKnownFileType = sourcecode.swift; path = AddExpensesTableViewController.swift; sourceTree = "<group>"; };
		8436E1E424480AA000F1CE83 /* BudgetTableViewCell.swift */ = {isa = PBXFileReference; lastKnownFileType = sourcecode.swift; path = BudgetTableViewCell.swift; sourceTree = "<group>"; };
		8436E1E524480AA000F1CE83 /* BudgetTableViewCell.xib */ = {isa = PBXFileReference; lastKnownFileType = file.xib; path = BudgetTableViewCell.xib; sourceTree = "<group>"; };
		8436E1E924480AC200F1CE83 /* BudgetTableViewHeader.swift */ = {isa = PBXFileReference; lastKnownFileType = sourcecode.swift; path = BudgetTableViewHeader.swift; sourceTree = "<group>"; };
		8436E1ED24480AF600F1CE83 /* Date+Formatter.swift */ = {isa = PBXFileReference; lastKnownFileType = sourcecode.swift; path = "Date+Formatter.swift"; sourceTree = "<group>"; };
		8436E1F024480B5700F1CE83 /* TransactionTableViewCell.swift */ = {isa = PBXFileReference; lastKnownFileType = sourcecode.swift; path = TransactionTableViewCell.swift; sourceTree = "<group>"; };
		8436E1F124480B5700F1CE83 /* TransactionTableViewCell.xib */ = {isa = PBXFileReference; lastKnownFileType = file.xib; path = TransactionTableViewCell.xib; sourceTree = "<group>"; };
		8436E1F424480CDE00F1CE83 /* VisualizeBudgetTableViewController.swift */ = {isa = PBXFileReference; lastKnownFileType = sourcecode.swift; path = VisualizeBudgetTableViewController.swift; sourceTree = "<group>"; };
		8436E1F624480D8100F1CE83 /* Budget.swift */ = {isa = PBXFileReference; lastKnownFileType = sourcecode.swift; path = Budget.swift; sourceTree = "<group>"; };
		8436E1F824480E6500F1CE83 /* Transaction.swift */ = {isa = PBXFileReference; lastKnownFileType = sourcecode.swift; path = Transaction.swift; sourceTree = "<group>"; };
		8436E1FA24480E9800F1CE83 /* User.swift */ = {isa = PBXFileReference; lastKnownFileType = sourcecode.swift; path = User.swift; sourceTree = "<group>"; };
		8436E1FC24480F8200F1CE83 /* TabBarViewController.swift */ = {isa = PBXFileReference; lastKnownFileType = sourcecode.swift; path = TabBarViewController.swift; sourceTree = "<group>"; };
		8436E1FE24481A3700F1CE83 /* BudgetListViewController.swift */ = {isa = PBXFileReference; lastKnownFileType = sourcecode.swift; path = BudgetListViewController.swift; sourceTree = "<group>"; };
		8436E20024481A4700F1CE83 /* HistoryListViewController.swift */ = {isa = PBXFileReference; lastKnownFileType = sourcecode.swift; path = HistoryListViewController.swift; sourceTree = "<group>"; };
		8436E2032448227500F1CE83 /* R.generated.swift */ = {isa = PBXFileReference; fileEncoding = 4; lastKnownFileType = sourcecode.swift; path = R.generated.swift; sourceTree = "<group>"; };
		8436E206244822F600F1CE83 /* RealmManager.swift */ = {isa = PBXFileReference; lastKnownFileType = sourcecode.swift; path = RealmManager.swift; sourceTree = "<group>"; };
		84784C4F2447A39B0032D5E2 /* ProyectoFinal.app */ = {isa = PBXFileReference; explicitFileType = wrapper.application; includeInIndex = 0; path = ProyectoFinal.app; sourceTree = BUILT_PRODUCTS_DIR; };
		84784C522447A39B0032D5E2 /* AppDelegate.swift */ = {isa = PBXFileReference; lastKnownFileType = sourcecode.swift; path = AppDelegate.swift; sourceTree = "<group>"; };
		84784C542447A39B0032D5E2 /* SceneDelegate.swift */ = {isa = PBXFileReference; lastKnownFileType = sourcecode.swift; path = SceneDelegate.swift; sourceTree = "<group>"; };
		84784C592447A39B0032D5E2 /* Base */ = {isa = PBXFileReference; lastKnownFileType = file.storyboard; name = Base; path = Base.lproj/Main.storyboard; sourceTree = "<group>"; };
		84784C5B2447A39D0032D5E2 /* Assets.xcassets */ = {isa = PBXFileReference; lastKnownFileType = folder.assetcatalog; path = Assets.xcassets; sourceTree = "<group>"; };
		84784C5E2447A39D0032D5E2 /* Base */ = {isa = PBXFileReference; lastKnownFileType = file.storyboard; name = Base; path = Base.lproj/LaunchScreen.storyboard; sourceTree = "<group>"; };
		84784C602447A39D0032D5E2 /* Info.plist */ = {isa = PBXFileReference; lastKnownFileType = text.plist.xml; path = Info.plist; sourceTree = "<group>"; };
		848FE83C2449110A00522AF3 /* Date+ToString.swift */ = {isa = PBXFileReference; lastKnownFileType = sourcecode.swift; path = "Date+ToString.swift"; sourceTree = "<group>"; };
		848FE83E2449112E00522AF3 /* String+FloatValue.swift */ = {isa = PBXFileReference; lastKnownFileType = sourcecode.swift; path = "String+FloatValue.swift"; sourceTree = "<group>"; };
		848FE8402449195000522AF3 /* BudgetTableViewHeader.xib */ = {isa = PBXFileReference; lastKnownFileType = file.xib; path = BudgetTableViewHeader.xib; sourceTree = "<group>"; };
		84A5AAAB244D2B2F004355D5 /* BudgetTimeManager.swift */ = {isa = PBXFileReference; lastKnownFileType = sourcecode.swift; path = BudgetTimeManager.swift; sourceTree = "<group>"; };
		84A5AAAD244D3AB6004355D5 /* RegistrationViewController.swift */ = {isa = PBXFileReference; lastKnownFileType = sourcecode.swift; path = RegistrationViewController.swift; sourceTree = "<group>"; };
		84A5AAAF244E8D4A004355D5 /* Build+VersionFormatter.swift */ = {isa = PBXFileReference; lastKnownFileType = sourcecode.swift; path = "Build+VersionFormatter.swift"; sourceTree = "<group>"; };
		84A5AAB42453A525004355D5 /* Results+ToArray.swift */ = {isa = PBXFileReference; lastKnownFileType = sourcecode.swift; path = "Results+ToArray.swift"; sourceTree = "<group>"; };
		84A5AAB62453BD46004355D5 /* BudgetRolloverManager.swift */ = {isa = PBXFileReference; lastKnownFileType = sourcecode.swift; path = BudgetRolloverManager.swift; sourceTree = "<group>"; };
		D55B41C6FD772708081A90F0 /* Pods-ProyectoFinal.release.xcconfig */ = {isa = PBXFileReference; includeInIndex = 1; lastKnownFileType = text.xcconfig; name = "Pods-ProyectoFinal.release.xcconfig"; path = "Target Support Files/Pods-ProyectoFinal/Pods-ProyectoFinal.release.xcconfig"; sourceTree = "<group>"; };
/* End PBXFileReference section */

/* Begin PBXFrameworksBuildPhase section */
		84784C4C2447A39B0032D5E2 /* Frameworks */ = {
			isa = PBXFrameworksBuildPhase;
			buildActionMask = 2147483647;
			files = (
				36EEFFE9A7541CEF867703C7 /* Pods_ProyectoFinal.framework in Frameworks */,
			);
			runOnlyForDeploymentPostprocessing = 0;
		};
/* End PBXFrameworksBuildPhase section */

/* Begin PBXGroup section */
		8436E1CE244805C300F1CE83 /* Controllers */ = {
			isa = PBXGroup;
			children = (
				8436E1D32448077000F1CE83 /* ConfigurationViewController.swift */,
				8436E1D5244807A000F1CE83 /* LoginViewController.swift */,
				8436E1DB244808FD00F1CE83 /* AddBudgetTableViewController.swift */,
				8436E1DF244809FC00F1CE83 /* AddMoneyTableViewController.swift */,
				8436E1E124480A1300F1CE83 /* AddExpensesTableViewController.swift */,
				8436E1F424480CDE00F1CE83 /* VisualizeBudgetTableViewController.swift */,
				8436E1FC24480F8200F1CE83 /* TabBarViewController.swift */,
				8436E1FE24481A3700F1CE83 /* BudgetListViewController.swift */,
				8436E20024481A4700F1CE83 /* HistoryListViewController.swift */,
				84A5AAAD244D3AB6004355D5 /* RegistrationViewController.swift */,
			);
			path = Controllers;
			sourceTree = "<group>";
		};
		8436E1D7244807BD00F1CE83 /* Custom Cells */ = {
			isa = PBXGroup;
			children = (
				8436E1EF24480B3800F1CE83 /* TransactionTableViewCell */,
				8436E1E824480AA500F1CE83 /* BudgetTableViewHeader */,
				8436E1E324480A8600F1CE83 /* BudgetTableViewCell */,
			);
			path = "Custom Cells";
			sourceTree = "<group>";
		};
		8436E1D8244807CB00F1CE83 /* Models */ = {
			isa = PBXGroup;
			children = (
				8436E1F624480D8100F1CE83 /* Budget.swift */,
				8436E1F824480E6500F1CE83 /* Transaction.swift */,
				8436E1FA24480E9800F1CE83 /* User.swift */,
			);
			path = Models;
			sourceTree = "<group>";
		};
		8436E1D9244807CF00F1CE83 /* Extensions */ = {
			isa = PBXGroup;
			children = (
				8436E1ED24480AF600F1CE83 /* Date+Formatter.swift */,
				848FE83C2449110A00522AF3 /* Date+ToString.swift */,
				848FE83E2449112E00522AF3 /* String+FloatValue.swift */,
				84A5AAAF244E8D4A004355D5 /* Build+VersionFormatter.swift */,
				84A5AAB42453A525004355D5 /* Results+ToArray.swift */,
			);
			path = Extensions;
			sourceTree = "<group>";
		};
		8436E1DA244807DA00F1CE83 /* Storyboards */ = {
			isa = PBXGroup;
			children = (
				84784C582447A39B0032D5E2 /* Main.storyboard */,
				84784C5D2447A39D0032D5E2 /* LaunchScreen.storyboard */,
			);
			path = Storyboards;
			sourceTree = "<group>";
		};
		8436E1E324480A8600F1CE83 /* BudgetTableViewCell */ = {
			isa = PBXGroup;
			children = (
				8436E1E424480AA000F1CE83 /* BudgetTableViewCell.swift */,
				8436E1E524480AA000F1CE83 /* BudgetTableViewCell.xib */,
			);
			path = BudgetTableViewCell;
			sourceTree = "<group>";
		};
		8436E1E824480AA500F1CE83 /* BudgetTableViewHeader */ = {
			isa = PBXGroup;
			children = (
				8436E1E924480AC200F1CE83 /* BudgetTableViewHeader.swift */,
				848FE8402449195000522AF3 /* BudgetTableViewHeader.xib */,
			);
			path = BudgetTableViewHeader;
			sourceTree = "<group>";
		};
		8436E1EF24480B3800F1CE83 /* TransactionTableViewCell */ = {
			isa = PBXGroup;
			children = (
				8436E1F024480B5700F1CE83 /* TransactionTableViewCell.swift */,
				8436E1F124480B5700F1CE83 /* TransactionTableViewCell.xib */,
			);
			path = TransactionTableViewCell;
			sourceTree = "<group>";
		};
		8436E205244822E900F1CE83 /* Manager */ = {
			isa = PBXGroup;
			children = (
				8436E206244822F600F1CE83 /* RealmManager.swift */,
				84A5AAAB244D2B2F004355D5 /* BudgetTimeManager.swift */,
				84A5AAB62453BD46004355D5 /* BudgetRolloverManager.swift */,
			);
			path = Manager;
			sourceTree = "<group>";
		};
		84784C462447A39B0032D5E2 = {
			isa = PBXGroup;
			children = (
				8436E2032448227500F1CE83 /* R.generated.swift */,
				84784C512447A39B0032D5E2 /* ProyectoFinal */,
				84784C502447A39B0032D5E2 /* Products */,
				8CBA1D282B0BD0DD8D8B46DF /* Pods */,
				E835D7DA23C166E59D052067 /* Frameworks */,
			);
			sourceTree = "<group>";
		};
		84784C502447A39B0032D5E2 /* Products */ = {
			isa = PBXGroup;
			children = (
				84784C4F2447A39B0032D5E2 /* ProyectoFinal.app */,
			);
			name = Products;
			sourceTree = "<group>";
		};
		84784C512447A39B0032D5E2 /* ProyectoFinal */ = {
			isa = PBXGroup;
			children = (
				8436E205244822E900F1CE83 /* Manager */,
				8436E1DA244807DA00F1CE83 /* Storyboards */,
				8436E1D9244807CF00F1CE83 /* Extensions */,
				8436E1D8244807CB00F1CE83 /* Models */,
				8436E1D7244807BD00F1CE83 /* Custom Cells */,
				8436E1CE244805C300F1CE83 /* Controllers */,
				84784C522447A39B0032D5E2 /* AppDelegate.swift */,
				84784C542447A39B0032D5E2 /* SceneDelegate.swift */,
				84784C5B2447A39D0032D5E2 /* Assets.xcassets */,
				84784C602447A39D0032D5E2 /* Info.plist */,
			);
			path = ProyectoFinal;
			sourceTree = "<group>";
		};
		8CBA1D282B0BD0DD8D8B46DF /* Pods */ = {
			isa = PBXGroup;
			children = (
				62605AE9F4CD2943349F725D /* Pods-ProyectoFinal.debug.xcconfig */,
				D55B41C6FD772708081A90F0 /* Pods-ProyectoFinal.release.xcconfig */,
			);
			path = Pods;
			sourceTree = "<group>";
		};
		E835D7DA23C166E59D052067 /* Frameworks */ = {
			isa = PBXGroup;
			children = (
				6819548226440991076D679C /* Pods_ProyectoFinal.framework */,
			);
			name = Frameworks;
			sourceTree = "<group>";
		};
/* End PBXGroup section */

/* Begin PBXNativeTarget section */
		84784C4E2447A39B0032D5E2 /* ProyectoFinal */ = {
			isa = PBXNativeTarget;
			buildConfigurationList = 84784C632447A39D0032D5E2 /* Build configuration list for PBXNativeTarget "ProyectoFinal" */;
			buildPhases = (
				0600E69D09FC965C7CFDB460 /* [CP] Check Pods Manifest.lock */,
				8436E202244821D300F1CE83 /* ShellScript */,
				84784C4B2447A39B0032D5E2 /* Sources */,
				84784C4C2447A39B0032D5E2 /* Frameworks */,
				84784C4D2447A39B0032D5E2 /* Resources */,
				F9794F35995563020BA83F78 /* [CP] Embed Pods Frameworks */,
			);
			buildRules = (
			);
			dependencies = (
			);
			name = ProyectoFinal;
			productName = ProyectoFinal;
			productReference = 84784C4F2447A39B0032D5E2 /* ProyectoFinal.app */;
			productType = "com.apple.product-type.application";
		};
/* End PBXNativeTarget section */

/* Begin PBXProject section */
		84784C472447A39B0032D5E2 /* Project object */ = {
			isa = PBXProject;
			attributes = {
				LastSwiftUpdateCheck = 1140;
				LastUpgradeCheck = 1140;
				ORGANIZATIONNAME = admin;
				TargetAttributes = {
					84784C4E2447A39B0032D5E2 = {
						CreatedOnToolsVersion = 11.4;
					};
				};
			};
			buildConfigurationList = 84784C4A2447A39B0032D5E2 /* Build configuration list for PBXProject "ProyectoFinal" */;
			compatibilityVersion = "Xcode 9.3";
			developmentRegion = en;
			hasScannedForEncodings = 0;
			knownRegions = (
				en,
				Base,
			);
			mainGroup = 84784C462447A39B0032D5E2;
			productRefGroup = 84784C502447A39B0032D5E2 /* Products */;
			projectDirPath = "";
			projectRoot = "";
			targets = (
				84784C4E2447A39B0032D5E2 /* ProyectoFinal */,
			);
		};
/* End PBXProject section */

/* Begin PBXResourcesBuildPhase section */
		84784C4D2447A39B0032D5E2 /* Resources */ = {
			isa = PBXResourcesBuildPhase;
			buildActionMask = 2147483647;
			files = (
				84784C5F2447A39D0032D5E2 /* LaunchScreen.storyboard in Resources */,
				84784C5C2447A39D0032D5E2 /* Assets.xcassets in Resources */,
				8436E1E724480AA000F1CE83 /* BudgetTableViewCell.xib in Resources */,
				848FE8412449195000522AF3 /* BudgetTableViewHeader.xib in Resources */,
				8436E1F324480B5700F1CE83 /* TransactionTableViewCell.xib in Resources */,
				84784C5A2447A39B0032D5E2 /* Main.storyboard in Resources */,
			);
			runOnlyForDeploymentPostprocessing = 0;
		};
/* End PBXResourcesBuildPhase section */

/* Begin PBXShellScriptBuildPhase section */
		0600E69D09FC965C7CFDB460 /* [CP] Check Pods Manifest.lock */ = {
			isa = PBXShellScriptBuildPhase;
			buildActionMask = 2147483647;
			files = (
			);
			inputFileListPaths = (
			);
			inputPaths = (
				"${PODS_PODFILE_DIR_PATH}/Podfile.lock",
				"${PODS_ROOT}/Manifest.lock",
			);
			name = "[CP] Check Pods Manifest.lock";
			outputFileListPaths = (
			);
			outputPaths = (
				"$(DERIVED_FILE_DIR)/Pods-ProyectoFinal-checkManifestLockResult.txt",
			);
			runOnlyForDeploymentPostprocessing = 0;
			shellPath = /bin/sh;
			shellScript = "diff \"${PODS_PODFILE_DIR_PATH}/Podfile.lock\" \"${PODS_ROOT}/Manifest.lock\" > /dev/null\nif [ $? != 0 ] ; then\n    # print error to STDERR\n    echo \"error: The sandbox is not in sync with the Podfile.lock. Run 'pod install' or update your CocoaPods installation.\" >&2\n    exit 1\nfi\n# This output is used by Xcode 'outputs' to avoid re-running this script phase.\necho \"SUCCESS\" > \"${SCRIPT_OUTPUT_FILE_0}\"\n";
			showEnvVarsInLog = 0;
		};
		8436E202244821D300F1CE83 /* ShellScript */ = {
			isa = PBXShellScriptBuildPhase;
			buildActionMask = 2147483647;
			files = (
			);
			inputFileListPaths = (
			);
			inputPaths = (
				"$TEMP_DIR/rswift-lastrun",
			);
			outputFileListPaths = (
			);
			outputPaths = (
				$SRCROOT/R.generated.swift,
			);
			runOnlyForDeploymentPostprocessing = 0;
			shellPath = /bin/sh;
			shellScript = "# Type a script or drag a script file from your workspace to insert its path.\n\"$PODS_ROOT/R.swift/rswift\" generate \"$SRCROOT/R.generated.swift\"\n";
		};
		F9794F35995563020BA83F78 /* [CP] Embed Pods Frameworks */ = {
			isa = PBXShellScriptBuildPhase;
			buildActionMask = 2147483647;
			files = (
			);
			inputFileListPaths = (
				"${PODS_ROOT}/Target Support Files/Pods-ProyectoFinal/Pods-ProyectoFinal-frameworks-${CONFIGURATION}-input-files.xcfilelist",
			);
			name = "[CP] Embed Pods Frameworks";
			outputFileListPaths = (
				"${PODS_ROOT}/Target Support Files/Pods-ProyectoFinal/Pods-ProyectoFinal-frameworks-${CONFIGURATION}-output-files.xcfilelist",
			);
			runOnlyForDeploymentPostprocessing = 0;
			shellPath = /bin/sh;
			shellScript = "\"${PODS_ROOT}/Target Support Files/Pods-ProyectoFinal/Pods-ProyectoFinal-frameworks.sh\"\n";
			showEnvVarsInLog = 0;
		};
/* End PBXShellScriptBuildPhase section */

/* Begin PBXSourcesBuildPhase section */
		84784C4B2447A39B0032D5E2 /* Sources */ = {
			isa = PBXSourcesBuildPhase;
			buildActionMask = 2147483647;
			files = (
				848FE83D2449110A00522AF3 /* Date+ToString.swift in Sources */,
				8436E1EA24480AC200F1CE83 /* BudgetTableViewHeader.swift in Sources */,
				8436E1F524480CDE00F1CE83 /* VisualizeBudgetTableViewController.swift in Sources */,
				8436E1F924480E6500F1CE83 /* Transaction.swift in Sources */,
				8436E1F724480D8100F1CE83 /* Budget.swift in Sources */,
				8436E1FD24480F8200F1CE83 /* TabBarViewController.swift in Sources */,
				8436E1D6244807A000F1CE83 /* LoginViewController.swift in Sources */,
				848FE83F2449112E00522AF3 /* String+FloatValue.swift in Sources */,
				84A5AAB72453BD46004355D5 /* BudgetRolloverManager.swift in Sources */,
				8436E2042448227500F1CE83 /* R.generated.swift in Sources */,
				8436E1E224480A1300F1CE83 /* AddExpensesTableViewController.swift in Sources */,
				8436E1EE24480AF600F1CE83 /* Date+Formatter.swift in Sources */,
				8436E1F224480B5700F1CE83 /* TransactionTableViewCell.swift in Sources */,
				84784C532447A39B0032D5E2 /* AppDelegate.swift in Sources */,
				84A5AAB52453A525004355D5 /* Results+ToArray.swift in Sources */,
				8436E1DC244808FD00F1CE83 /* AddBudgetTableViewController.swift in Sources */,
				8436E1E624480AA000F1CE83 /* BudgetTableViewCell.swift in Sources */,
				8436E1D42448077000F1CE83 /* ConfigurationViewController.swift in Sources */,
				8436E1FB24480E9800F1CE83 /* User.swift in Sources */,
				84A5AAB0244E8D4A004355D5 /* Build+VersionFormatter.swift in Sources */,
				8436E1FF24481A3700F1CE83 /* BudgetListViewController.swift in Sources */,
				84A5AAAE244D3AB6004355D5 /* RegistrationViewController.swift in Sources */,
				84784C552447A39B0032D5E2 /* SceneDelegate.swift in Sources */,
				84A5AAAC244D2B2F004355D5 /* BudgetTimeManager.swift in Sources */,
				8436E207244822F600F1CE83 /* RealmManager.swift in Sources */,
				8436E1E0244809FC00F1CE83 /* AddMoneyTableViewController.swift in Sources */,
				8436E20124481A4700F1CE83 /* HistoryListViewController.swift in Sources */,
			);
			runOnlyForDeploymentPostprocessing = 0;
		};
/* End PBXSourcesBuildPhase section */

/* Begin PBXVariantGroup section */
		84784C582447A39B0032D5E2 /* Main.storyboard */ = {
			isa = PBXVariantGroup;
			children = (
				84784C592447A39B0032D5E2 /* Base */,
			);
			name = Main.storyboard;
			sourceTree = "<group>";
		};
		84784C5D2447A39D0032D5E2 /* LaunchScreen.storyboard */ = {
			isa = PBXVariantGroup;
			children = (
				84784C5E2447A39D0032D5E2 /* Base */,
			);
			name = LaunchScreen.storyboard;
			sourceTree = "<group>";
		};
/* End PBXVariantGroup section */

/* Begin XCBuildConfiguration section */
		84784C612447A39D0032D5E2 /* Debug */ = {
			isa = XCBuildConfiguration;
			buildSettings = {
				ALWAYS_SEARCH_USER_PATHS = NO;
				CLANG_ANALYZER_NONNULL = YES;
				CLANG_ANALYZER_NUMBER_OBJECT_CONVERSION = YES_AGGRESSIVE;
				CLANG_CXX_LANGUAGE_STANDARD = "gnu++14";
				CLANG_CXX_LIBRARY = "libc++";
				CLANG_ENABLE_MODULES = YES;
				CLANG_ENABLE_OBJC_ARC = YES;
				CLANG_ENABLE_OBJC_WEAK = YES;
				CLANG_WARN_BLOCK_CAPTURE_AUTORELEASING = YES;
				CLANG_WARN_BOOL_CONVERSION = YES;
				CLANG_WARN_COMMA = YES;
				CLANG_WARN_CONSTANT_CONVERSION = YES;
				CLANG_WARN_DEPRECATED_OBJC_IMPLEMENTATIONS = YES;
				CLANG_WARN_DIRECT_OBJC_ISA_USAGE = YES_ERROR;
				CLANG_WARN_DOCUMENTATION_COMMENTS = YES;
				CLANG_WARN_EMPTY_BODY = YES;
				CLANG_WARN_ENUM_CONVERSION = YES;
				CLANG_WARN_INFINITE_RECURSION = YES;
				CLANG_WARN_INT_CONVERSION = YES;
				CLANG_WARN_NON_LITERAL_NULL_CONVERSION = YES;
				CLANG_WARN_OBJC_IMPLICIT_RETAIN_SELF = YES;
				CLANG_WARN_OBJC_LITERAL_CONVERSION = YES;
				CLANG_WARN_OBJC_ROOT_CLASS = YES_ERROR;
				CLANG_WARN_RANGE_LOOP_ANALYSIS = YES;
				CLANG_WARN_STRICT_PROTOTYPES = YES;
				CLANG_WARN_SUSPICIOUS_MOVE = YES;
				CLANG_WARN_UNGUARDED_AVAILABILITY = YES_AGGRESSIVE;
				CLANG_WARN_UNREACHABLE_CODE = YES;
				CLANG_WARN__DUPLICATE_METHOD_MATCH = YES;
				COPY_PHASE_STRIP = NO;
				DEBUG_INFORMATION_FORMAT = dwarf;
				ENABLE_STRICT_OBJC_MSGSEND = YES;
				ENABLE_TESTABILITY = YES;
				GCC_C_LANGUAGE_STANDARD = gnu11;
				GCC_DYNAMIC_NO_PIC = NO;
				GCC_NO_COMMON_BLOCKS = YES;
				GCC_OPTIMIZATION_LEVEL = 0;
				GCC_PREPROCESSOR_DEFINITIONS = (
					"DEBUG=1",
					"$(inherited)",
				);
				GCC_WARN_64_TO_32_BIT_CONVERSION = YES;
				GCC_WARN_ABOUT_RETURN_TYPE = YES_ERROR;
				GCC_WARN_UNDECLARED_SELECTOR = YES;
				GCC_WARN_UNINITIALIZED_AUTOS = YES_AGGRESSIVE;
				GCC_WARN_UNUSED_FUNCTION = YES;
				GCC_WARN_UNUSED_VARIABLE = YES;
				IPHONEOS_DEPLOYMENT_TARGET = 13.4;
				MTL_ENABLE_DEBUG_INFO = INCLUDE_SOURCE;
				MTL_FAST_MATH = YES;
				ONLY_ACTIVE_ARCH = YES;
				SDKROOT = iphoneos;
				SWIFT_ACTIVE_COMPILATION_CONDITIONS = DEBUG;
				SWIFT_OPTIMIZATION_LEVEL = "-Onone";
			};
			name = Debug;
		};
		84784C622447A39D0032D5E2 /* Release */ = {
			isa = XCBuildConfiguration;
			buildSettings = {
				ALWAYS_SEARCH_USER_PATHS = NO;
				CLANG_ANALYZER_NONNULL = YES;
				CLANG_ANALYZER_NUMBER_OBJECT_CONVERSION = YES_AGGRESSIVE;
				CLANG_CXX_LANGUAGE_STANDARD = "gnu++14";
				CLANG_CXX_LIBRARY = "libc++";
				CLANG_ENABLE_MODULES = YES;
				CLANG_ENABLE_OBJC_ARC = YES;
				CLANG_ENABLE_OBJC_WEAK = YES;
				CLANG_WARN_BLOCK_CAPTURE_AUTORELEASING = YES;
				CLANG_WARN_BOOL_CONVERSION = YES;
				CLANG_WARN_COMMA = YES;
				CLANG_WARN_CONSTANT_CONVERSION = YES;
				CLANG_WARN_DEPRECATED_OBJC_IMPLEMENTATIONS = YES;
				CLANG_WARN_DIRECT_OBJC_ISA_USAGE = YES_ERROR;
				CLANG_WARN_DOCUMENTATION_COMMENTS = YES;
				CLANG_WARN_EMPTY_BODY = YES;
				CLANG_WARN_ENUM_CONVERSION = YES;
				CLANG_WARN_INFINITE_RECURSION = YES;
				CLANG_WARN_INT_CONVERSION = YES;
				CLANG_WARN_NON_LITERAL_NULL_CONVERSION = YES;
				CLANG_WARN_OBJC_IMPLICIT_RETAIN_SELF = YES;
				CLANG_WARN_OBJC_LITERAL_CONVERSION = YES;
				CLANG_WARN_OBJC_ROOT_CLASS = YES_ERROR;
				CLANG_WARN_RANGE_LOOP_ANALYSIS = YES;
				CLANG_WARN_STRICT_PROTOTYPES = YES;
				CLANG_WARN_SUSPICIOUS_MOVE = YES;
				CLANG_WARN_UNGUARDED_AVAILABILITY = YES_AGGRESSIVE;
				CLANG_WARN_UNREACHABLE_CODE = YES;
				CLANG_WARN__DUPLICATE_METHOD_MATCH = YES;
				COPY_PHASE_STRIP = NO;
				DEBUG_INFORMATION_FORMAT = "dwarf-with-dsym";
				ENABLE_NS_ASSERTIONS = NO;
				ENABLE_STRICT_OBJC_MSGSEND = YES;
				GCC_C_LANGUAGE_STANDARD = gnu11;
				GCC_NO_COMMON_BLOCKS = YES;
				GCC_WARN_64_TO_32_BIT_CONVERSION = YES;
				GCC_WARN_ABOUT_RETURN_TYPE = YES_ERROR;
				GCC_WARN_UNDECLARED_SELECTOR = YES;
				GCC_WARN_UNINITIALIZED_AUTOS = YES_AGGRESSIVE;
				GCC_WARN_UNUSED_FUNCTION = YES;
				GCC_WARN_UNUSED_VARIABLE = YES;
				IPHONEOS_DEPLOYMENT_TARGET = 13.4;
				MTL_ENABLE_DEBUG_INFO = NO;
				MTL_FAST_MATH = YES;
				SDKROOT = iphoneos;
				SWIFT_COMPILATION_MODE = wholemodule;
				SWIFT_OPTIMIZATION_LEVEL = "-O";
				VALIDATE_PRODUCT = YES;
			};
			name = Release;
		};
		84784C642447A39D0032D5E2 /* Debug */ = {
			isa = XCBuildConfiguration;
			baseConfigurationReference = 62605AE9F4CD2943349F725D /* Pods-ProyectoFinal.debug.xcconfig */;
			buildSettings = {
				ASSETCATALOG_COMPILER_APPICON_NAME = AppIcon;
				CODE_SIGN_STYLE = Automatic;
				INFOPLIST_FILE = ProyectoFinal/Info.plist;
				LD_RUNPATH_SEARCH_PATHS = (
					"$(inherited)",
					"@executable_path/Frameworks",
				);
				PRODUCT_BUNDLE_IDENTIFIER = andresm07.ProyectoFinal;
				PRODUCT_NAME = "$(TARGET_NAME)";
				SWIFT_VERSION = 5.0;
				TARGETED_DEVICE_FAMILY = 1;
			};
			name = Debug;
		};
		84784C652447A39D0032D5E2 /* Release */ = {
			isa = XCBuildConfiguration;
			baseConfigurationReference = D55B41C6FD772708081A90F0 /* Pods-ProyectoFinal.release.xcconfig */;
			buildSettings = {
				ASSETCATALOG_COMPILER_APPICON_NAME = AppIcon;
				CODE_SIGN_STYLE = Automatic;
				INFOPLIST_FILE = ProyectoFinal/Info.plist;
				LD_RUNPATH_SEARCH_PATHS = (
					"$(inherited)",
					"@executable_path/Frameworks",
				);
				PRODUCT_BUNDLE_IDENTIFIER = andresm07.ProyectoFinal;
				PRODUCT_NAME = "$(TARGET_NAME)";
				SWIFT_VERSION = 5.0;
				TARGETED_DEVICE_FAMILY = 1;
			};
			name = Release;
		};
/* End XCBuildConfiguration section */

/* Begin XCConfigurationList section */
		84784C4A2447A39B0032D5E2 /* Build configuration list for PBXProject "ProyectoFinal" */ = {
			isa = XCConfigurationList;
			buildConfigurations = (
				84784C612447A39D0032D5E2 /* Debug */,
				84784C622447A39D0032D5E2 /* Release */,
			);
			defaultConfigurationIsVisible = 0;
			defaultConfigurationName = Release;
		};
		84784C632447A39D0032D5E2 /* Build configuration list for PBXNativeTarget "ProyectoFinal" */ = {
			isa = XCConfigurationList;
			buildConfigurations = (
				84784C642447A39D0032D5E2 /* Debug */,
				84784C652447A39D0032D5E2 /* Release */,
			);
			defaultConfigurationIsVisible = 0;
			defaultConfigurationName = Release;
		};
/* End XCConfigurationList section */
	};
	rootObject = 84784C472447A39B0032D5E2 /* Project object */;
}
